
Microsoft Visual Studio Solution File, Format Version 12.00
# Visual Studio Version 17
VisualStudioVersion = 17.13.35919.96
MinimumVisualStudioVersion = 10.0.40219.1
Project("{FAE04EC0-301F-11D3-BF4B-00C04F79EFBC}") = "DevAppTest", "DevAppTest.csproj", "{367DD3F8-D0D1-4457-B118-8C1EA99EF14F}"
EndProject
Global
	GlobalSection(SolutionConfigurationPlatforms) = preSolution
		Debug|Any CPU = Debug|Any CPU
		Release|Any CPU = Release|Any CPU
	EndGlobalSection
	GlobalSection(ProjectConfigurationPlatforms) = postSolution
		{367DD3F8-D0D1-4457-B118-8C1EA99EF14F}.Debug|Any CPU.ActiveCfg = Debug|Any CPU
		{367DD3F8-D0D1-4457-B118-8C1EA99EF14F}.Debug|Any CPU.Build.0 = Debug|Any CPU
		{367DD3F8-D0D1-4457-B118-8C1EA99EF14F}.Release|Any CPU.ActiveCfg = Release|Any CPU
		{367DD3F8-D0D1-4457-B118-8C1EA99EF14F}.Release|Any CPU.Build.0 = Release|Any CPU
	EndGlobalSection
	GlobalSection(SolutionProperties) = preSolution
		HideSolutionNode = FALSE
	EndGlobalSection
	GlobalSection(ExtensibilityGlobals) = postSolution
		SolutionGuid = {FC843ACE-E705-416F-9BE7-760D5167B0EF}
	EndGlobalSection
EndGlobal
